
Microsoft Visual Studio Solution File, Format Version 12.00
# Visual Studio Version 17
VisualStudioVersion = 17.10.34928.147
MinimumVisualStudioVersion = 10.0.40219.1
Project("{9A19103F-16F7-4668-BE54-9A1E7A4F7556}") = "Books.Api", "Books.Api\Books.Api.csproj", "{BA5C319F-103C-4290-89C3-CC11BD675B17}"
EndProject
Project("{9A19103F-16F7-4668-BE54-9A1E7A4F7556}") = "Books.Application", "Books.Application\Books.Application.csproj", "{8D61701B-8CFF-4BB8-B953-72CE8B44A864}"
EndProject
Project("{9A19103F-16F7-4668-BE54-9A1E7A4F7556}") = "Books.Contracts", "Books.Contracts\Books.Contracts.csproj", "{F8BBB4DC-70AE-4E94-9E56-E96F32DB005F}"
EndProject
Project("{FAE04EC0-301F-11D3-BF4B-00C04F79EFBC}") = "Identity.Api", "Identity.Api\Identity.Api.csproj", "{0E0A1050-483D-4C3A-B7AF-CABDD6E81871}"
EndProject
Global
	GlobalSection(SolutionConfigurationPlatforms) = preSolution
		Debug|Any CPU = Debug|Any CPU
		Release|Any CPU = Release|Any CPU
	EndGlobalSection
	GlobalSection(ProjectConfigurationPlatforms) = postSolution
		{BA5C319F-103C-4290-89C3-CC11BD675B17}.Debug|Any CPU.ActiveCfg = Debug|Any CPU
		{BA5C319F-103C-4290-89C3-CC11BD675B17}.Debug|Any CPU.Build.0 = Debug|Any CPU
		{BA5C319F-103C-4290-89C3-CC11BD675B17}.Release|Any CPU.ActiveCfg = Release|Any CPU
		{BA5C319F-103C-4290-89C3-CC11BD675B17}.Release|Any CPU.Build.0 = Release|Any CPU
		{8D61701B-8CFF-4BB8-B953-72CE8B44A864}.Debug|Any CPU.ActiveCfg = Debug|Any CPU
		{8D61701B-8CFF-4BB8-B953-72CE8B44A864}.Debug|Any CPU.Build.0 = Debug|Any CPU
		{8D61701B-8CFF-4BB8-B953-72CE8B44A864}.Release|Any CPU.ActiveCfg = Release|Any CPU
		{8D61701B-8CFF-4BB8-B953-72CE8B44A864}.Release|Any CPU.Build.0 = Release|Any CPU
		{F8BBB4DC-70AE-4E94-9E56-E96F32DB005F}.Debug|Any CPU.ActiveCfg = Debug|Any CPU
		{F8BBB4DC-70AE-4E94-9E56-E96F32DB005F}.Debug|Any CPU.Build.0 = Debug|Any CPU
		{F8BBB4DC-70AE-4E94-9E56-E96F32DB005F}.Release|Any CPU.ActiveCfg = Release|Any CPU
		{F8BBB4DC-70AE-4E94-9E56-E96F32DB005F}.Release|Any CPU.Build.0 = Release|Any CPU
		{0E0A1050-483D-4C3A-B7AF-CABDD6E81871}.Debug|Any CPU.ActiveCfg = Debug|Any CPU
		{0E0A1050-483D-4C3A-B7AF-CABDD6E81871}.Debug|Any CPU.Build.0 = Debug|Any CPU
		{0E0A1050-483D-4C3A-B7AF-CABDD6E81871}.Release|Any CPU.ActiveCfg = Release|Any CPU
		{0E0A1050-483D-4C3A-B7AF-CABDD6E81871}.Release|Any CPU.Build.0 = Release|Any CPU
	EndGlobalSection
	GlobalSection(SolutionProperties) = preSolution
		HideSolutionNode = FALSE
	EndGlobalSection
	GlobalSection(ExtensibilityGlobals) = postSolution
		SolutionGuid = {9D9A9558-1116-49B4-94F6-5C090F9000A7}
	EndGlobalSection
EndGlobal
